
Microsoft Visual Studio Solution File, Format Version 12.00
# Visual Studio Version 17
VisualStudioVersion = 17.2.32519.379
MinimumVisualStudioVersion = 10.0.40219.1
Project("{FAE04EC0-301F-11D3-BF4B-00C04F79EFBC}") = "UnrealTest", "UnrealTest\UnrealTest.csproj", "{A0B55DFC-7DB1-4E1C-9CD5-6372404DC2AB}"
EndProject
Global
	GlobalSection(SolutionConfigurationPlatforms) = preSolution
		Debug|Any CPU = Debug|Any CPU
		Release|Any CPU = Release|Any CPU
	EndGlobalSection
	GlobalSection(ProjectConfigurationPlatforms) = postSolution
		{A0B55DFC-7DB1-4E1C-9CD5-6372404DC2AB}.Debug|Any CPU.ActiveCfg = Debug|Any CPU
		{A0B55DFC-7DB1-4E1C-9CD5-6372404DC2AB}.Debug|Any CPU.Build.0 = Debug|Any CPU
		{A0B55DFC-7DB1-4E1C-9CD5-6372404DC2AB}.Release|Any CPU.ActiveCfg = Release|Any CPU
		{A0B55DFC-7DB1-4E1C-9CD5-6372404DC2AB}.Release|Any CPU.Build.0 = Release|Any CPU
	EndGlobalSection
	GlobalSection(SolutionProperties) = preSolution
		HideSolutionNode = FALSE
	EndGlobalSection
	GlobalSection(ExtensibilityGlobals) = postSolution
		SolutionGuid = {742378E3-B518-4ABD-ACEF-A1D6AC65194C}
	EndGlobalSection
EndGlobal
