
Microsoft Visual Studio Solution File, Format Version 12.00
# Visual Studio Version 17
VisualStudioVersion = 17.7.34003.232
MinimumVisualStudioVersion = 10.0.40219.1
Project("{FAE04EC0-301F-11D3-BF4B-00C04F79EFBC}") = "WebApplication1", "WebApplication1\WebApplication1.csproj", "{522483CC-B491-46E3-BB78-97D7D8ADAF32}"
EndProject
Global
	GlobalSection(SolutionConfigurationPlatforms) = preSolution
		Debug|Any CPU = Debug|Any CPU
		Release|Any CPU = Release|Any CPU
	EndGlobalSection
	GlobalSection(ProjectConfigurationPlatforms) = postSolution
		{522483CC-B491-46E3-BB78-97D7D8ADAF32}.Debug|Any CPU.ActiveCfg = Debug|Any CPU
		{522483CC-B491-46E3-BB78-97D7D8ADAF32}.Debug|Any CPU.Build.0 = Debug|Any CPU
		{522483CC-B491-46E3-BB78-97D7D8ADAF32}.Release|Any CPU.ActiveCfg = Release|Any CPU
		{522483CC-B491-46E3-BB78-97D7D8ADAF32}.Release|Any CPU.Build.0 = Release|Any CPU
	EndGlobalSection
	GlobalSection(SolutionProperties) = preSolution
		HideSolutionNode = FALSE
	EndGlobalSection
	GlobalSection(ExtensibilityGlobals) = postSolution
		SolutionGuid = {D591930A-0422-4F4A-852F-58CE91D706FA}
	EndGlobalSection
EndGlobal
